
Microsoft Visual Studio Solution File, Format Version 12.00
# Visual Studio Version 17
VisualStudioVersion = 17.0.31903.59
MinimumVisualStudioVersion = 10.0.40219.1
Project("{2150E333-8FDC-42A3-9474-1A3956D46DE8}") = "src", "src", "{827E0CD3-B72D-47B6-A68D-7590B98EB39B}"
EndProject
Project("{FAE04EC0-301F-11D3-BF4B-00C04F79EFBC}") = "FooKit.Domain", "src\FooKit.Domain\FooKit.Domain.csproj", "{BAC57CA5-94DB-4866-A6DA-93B511F3C5A9}"
EndProject
Project("{FAE04EC0-301F-11D3-BF4B-00C04F79EFBC}") = "FooKit.Application", "src\FooKit.Application\FooKit.Application.csproj", "{36C2D02B-9FEB-4071-98AD-4549534F226D}"
EndProject
Project("{FAE04EC0-301F-11D3-BF4B-00C04F79EFBC}") = "FooKit.Infrastructure", "src\FooKit.Infrastructure\FooKit.Infrastructure.csproj", "{A4F073B4-522D-41E3-A412-193659DB2FC9}"
EndProject
Project("{FAE04EC0-301F-11D3-BF4B-00C04F79EFBC}") = "FooKit.API", "src\FooKit.API\FooKit.API.csproj", "{CDB39791-66D0-4BEA-ADD3-8789A46DBB78}"
EndProject
Project("{2150E333-8FDC-42A3-9474-1A3956D46DE8}") = "tests", "tests", "{0AB3BF05-4346-4AA6-1389-037BE0695223}"
EndProject
Project("{FAE04EC0-301F-11D3-BF4B-00C04F79EFBC}") = "FooKit.Domain.UnitTests", "tests\FooKit.Domain.UnitTests\FooKit.Domain.UnitTests.csproj", "{0B662816-82EB-4F7B-8423-74ECE2903817}"
EndProject
Global
	GlobalSection(SolutionConfigurationPlatforms) = preSolution
		Debug|Any CPU = Debug|Any CPU
		Debug|x64 = Debug|x64
		Debug|x86 = Debug|x86
		Release|Any CPU = Release|Any CPU
		Release|x64 = Release|x64
		Release|x86 = Release|x86
	EndGlobalSection
	GlobalSection(ProjectConfigurationPlatforms) = postSolution
		{BAC57CA5-94DB-4866-A6DA-93B511F3C5A9}.Debug|Any CPU.ActiveCfg = Debug|Any CPU
		{BAC57CA5-94DB-4866-A6DA-93B511F3C5A9}.Debug|Any CPU.Build.0 = Debug|Any CPU
		{BAC57CA5-94DB-4866-A6DA-93B511F3C5A9}.Debug|x64.ActiveCfg = Debug|Any CPU
		{BAC57CA5-94DB-4866-A6DA-93B511F3C5A9}.Debug|x64.Build.0 = Debug|Any CPU
		{BAC57CA5-94DB-4866-A6DA-93B511F3C5A9}.Debug|x86.ActiveCfg = Debug|Any CPU
		{BAC57CA5-94DB-4866-A6DA-93B511F3C5A9}.Debug|x86.Build.0 = Debug|Any CPU
		{BAC57CA5-94DB-4866-A6DA-93B511F3C5A9}.Release|Any CPU.ActiveCfg = Release|Any CPU
		{BAC57CA5-94DB-4866-A6DA-93B511F3C5A9}.Release|Any CPU.Build.0 = Release|Any CPU
		{BAC57CA5-94DB-4866-A6DA-93B511F3C5A9}.Release|x64.ActiveCfg = Release|Any CPU
		{BAC57CA5-94DB-4866-A6DA-93B511F3C5A9}.Release|x64.Build.0 = Release|Any CPU
		{BAC57CA5-94DB-4866-A6DA-93B511F3C5A9}.Release|x86.ActiveCfg = Release|Any CPU
		{BAC57CA5-94DB-4866-A6DA-93B511F3C5A9}.Release|x86.Build.0 = Release|Any CPU
		{36C2D02B-9FEB-4071-98AD-4549534F226D}.Debug|Any CPU.ActiveCfg = Debug|Any CPU
		{36C2D02B-9FEB-4071-98AD-4549534F226D}.Debug|Any CPU.Build.0 = Debug|Any CPU
		{36C2D02B-9FEB-4071-98AD-4549534F226D}.Debug|x64.ActiveCfg = Debug|Any CPU
		{36C2D02B-9FEB-4071-98AD-4549534F226D}.Debug|x64.Build.0 = Debug|Any CPU
		{36C2D02B-9FEB-4071-98AD-4549534F226D}.Debug|x86.ActiveCfg = Debug|Any CPU
		{36C2D02B-9FEB-4071-98AD-4549534F226D}.Debug|x86.Build.0 = Debug|Any CPU
		{36C2D02B-9FEB-4071-98AD-4549534F226D}.Release|Any CPU.ActiveCfg = Release|Any CPU
		{36C2D02B-9FEB-4071-98AD-4549534F226D}.Release|Any CPU.Build.0 = Release|Any CPU
		{36C2D02B-9FEB-4071-98AD-4549534F226D}.Release|x64.ActiveCfg = Release|Any CPU
		{36C2D02B-9FEB-4071-98AD-4549534F226D}.Release|x64.Build.0 = Release|Any CPU
		{36C2D02B-9FEB-4071-98AD-4549534F226D}.Release|x86.ActiveCfg = Release|Any CPU
		{36C2D02B-9FEB-4071-98AD-4549534F226D}.Release|x86.Build.0 = Release|Any CPU
		{A4F073B4-522D-41E3-A412-193659DB2FC9}.Debug|Any CPU.ActiveCfg = Debug|Any CPU
		{A4F073B4-522D-41E3-A412-193659DB2FC9}.Debug|Any CPU.Build.0 = Debug|Any CPU
		{A4F073B4-522D-41E3-A412-193659DB2FC9}.Debug|x64.ActiveCfg = Debug|Any CPU
		{A4F073B4-522D-41E3-A412-193659DB2FC9}.Debug|x64.Build.0 = Debug|Any CPU
		{A4F073B4-522D-41E3-A412-193659DB2FC9}.Debug|x86.ActiveCfg = Debug|Any CPU
		{A4F073B4-522D-41E3-A412-193659DB2FC9}.Debug|x86.Build.0 = Debug|Any CPU
		{A4F073B4-522D-41E3-A412-193659DB2FC9}.Release|Any CPU.ActiveCfg = Release|Any CPU
		{A4F073B4-522D-41E3-A412-193659DB2FC9}.Release|Any CPU.Build.0 = Release|Any CPU
		{A4F073B4-522D-41E3-A412-193659DB2FC9}.Release|x64.ActiveCfg = Release|Any CPU
		{A4F073B4-522D-41E3-A412-193659DB2FC9}.Release|x64.Build.0 = Release|Any CPU
		{A4F073B4-522D-41E3-A412-193659DB2FC9}.Release|x86.ActiveCfg = Release|Any CPU
		{A4F073B4-522D-41E3-A412-193659DB2FC9}.Release|x86.Build.0 = Release|Any CPU
		{CDB39791-66D0-4BEA-ADD3-8789A46DBB78}.Debug|Any CPU.ActiveCfg = Debug|Any CPU
		{CDB39791-66D0-4BEA-ADD3-8789A46DBB78}.Debug|Any CPU.Build.0 = Debug|Any CPU
		{CDB39791-66D0-4BEA-ADD3-8789A46DBB78}.Debug|x64.ActiveCfg = Debug|Any CPU
		{CDB39791-66D0-4BEA-ADD3-8789A46DBB78}.Debug|x64.Build.0 = Debug|Any CPU
		{CDB39791-66D0-4BEA-ADD3-8789A46DBB78}.Debug|x86.ActiveCfg = Debug|Any CPU
		{CDB39791-66D0-4BEA-ADD3-8789A46DBB78}.Debug|x86.Build.0 = Debug|Any CPU
		{CDB39791-66D0-4BEA-ADD3-8789A46DBB78}.Release|Any CPU.ActiveCfg = Release|Any CPU
		{CDB39791-66D0-4BEA-ADD3-8789A46DBB78}.Release|Any CPU.Build.0 = Release|Any CPU
		{CDB39791-66D0-4BEA-ADD3-8789A46DBB78}.Release|x64.ActiveCfg = Release|Any CPU
		{CDB39791-66D0-4BEA-ADD3-8789A46DBB78}.Release|x64.Build.0 = Release|Any CPU
		{CDB39791-66D0-4BEA-ADD3-8789A46DBB78}.Release|x86.ActiveCfg = Release|Any CPU
		{CDB39791-66D0-4BEA-ADD3-8789A46DBB78}.Release|x86.Build.0 = Release|Any CPU
		{0B662816-82EB-4F7B-8423-74ECE2903817}.Debug|Any CPU.ActiveCfg = Debug|Any CPU
		{0B662816-82EB-4F7B-8423-74ECE2903817}.Debug|Any CPU.Build.0 = Debug|Any CPU
		{0B662816-82EB-4F7B-8423-74ECE2903817}.Debug|x64.ActiveCfg = Debug|Any CPU
		{0B662816-82EB-4F7B-8423-74ECE2903817}.Debug|x64.Build.0 = Debug|Any CPU
		{0B662816-82EB-4F7B-8423-74ECE2903817}.Debug|x86.ActiveCfg = Debug|Any CPU
		{0B662816-82EB-4F7B-8423-74ECE2903817}.Debug|x86.Build.0 = Debug|Any CPU
		{0B662816-82EB-4F7B-8423-74ECE2903817}.Release|Any CPU.ActiveCfg = Release|Any CPU
		{0B662816-82EB-4F7B-8423-74ECE2903817}.Release|Any CPU.Build.0 = Release|Any CPU
		{0B662816-82EB-4F7B-8423-74ECE2903817}.Release|x64.ActiveCfg = Release|Any CPU
		{0B662816-82EB-4F7B-8423-74ECE2903817}.Release|x64.Build.0 = Release|Any CPU
		{0B662816-82EB-4F7B-8423-74ECE2903817}.Release|x86.ActiveCfg = Release|Any CPU
		{0B662816-82EB-4F7B-8423-74ECE2903817}.Release|x86.Build.0 = Release|Any CPU
	EndGlobalSection
	GlobalSection(SolutionProperties) = preSolution
		HideSolutionNode = FALSE
	EndGlobalSection
	GlobalSection(NestedProjects) = preSolution
		{BAC57CA5-94DB-4866-A6DA-93B511F3C5A9} = {827E0CD3-B72D-47B6-A68D-7590B98EB39B}
		{36C2D02B-9FEB-4071-98AD-4549534F226D} = {827E0CD3-B72D-47B6-A68D-7590B98EB39B}
		{A4F073B4-522D-41E3-A412-193659DB2FC9} = {827E0CD3-B72D-47B6-A68D-7590B98EB39B}
		{CDB39791-66D0-4BEA-ADD3-8789A46DBB78} = {827E0CD3-B72D-47B6-A68D-7590B98EB39B}
		{0B662816-82EB-4F7B-8423-74ECE2903817} = {0AB3BF05-4346-4AA6-1389-037BE0695223}
	EndGlobalSection
EndGlobal
